{
  "version": "5",
  "specifiers": {
    "jsr:@std/dotenv@~0.225.8": "0.225.8",
    "npm:@openrouter/sdk@^1.3.24": "1.3.24"
  },
  "jsr": {
    "@std/dotenv@0.225.8": {
      "integrity": "27b8c1a9d00cbf938345a5924487c04d9b27bdd7e7bd1983f54bcf76d0a0174a"
    }
  },
  "npm": {
    "@openrouter/sdk@1.3.24": {
      "integrity": "sha512-q+zvjRWLaxDLhYWof8WAonBokIu9wSFf1Va96pjyuxDVzQGnDWe1WTpuRaGQbCrKOU5rtLwuIwXOga/1aGbj4w==",
      "dependencies": [
        "zod"
      ],
      "scripts": true
    },
    "zod@4.6.5": {
      "integrity": "sha512-v5l/aFXZQeai4awLbOpSoHecE9UiMrnfx75tEXLjNonXVARxQ5mOeipTjROUchszUNCqnE+hqAMujRsRHsut2Q=="
    }
  },
  "workspace": {
    "dependencies": [
      "jsr:@std/dotenv@~0.225.8",
      "npm:@openrouter/sdk@^1.3.24"
    ]
  }
}
